// !$*UTF8*$!
{
	archiveVersion = 1;
	classes = {
	};
	objectVersion = 50;
	objects = {

/* Begin PBXBuildFile section */
		A011CCAA24F2979500C30706 /* AppDelegate.swift in Sources */ = {isa = PBXBuildFile; fileRef = A011CCA924F2979500C30706 /* AppDelegate.swift */; };
		A011CCAC24F2979500C30706 /* SceneDelegate.swift in Sources */ = {isa = PBXBuildFile; fileRef = A011CCAB24F2979500C30706 /* SceneDelegate.swift */; };
		A011CCAE24F2979500C30706 /* ContentView.swift in Sources */ = {isa = PBXBuildFile; fileRef = A011CCAD24F2979500C30706 /* ContentView.swift */; };
		A011CCB024F2979900C30706 /* Assets.xcassets in Resources */ = {isa = PBXBuildFile; fileRef = A011CCAF24F2979900C30706 /* Assets.xcassets */; };
		A011CCB324F2979900C30706 /* Preview Assets.xcassets in Resources */ = {isa = PBXBuildFile; fileRef = A011CCB224F2979900C30706 /* Preview Assets.xcassets */; };
		A011CCB624F2979900C30706 /* LaunchScreen.storyboard in Resources */ = {isa = PBXBuildFile; fileRef = A011CCB424F2979900C30706 /* LaunchScreen.storyboard */; };
		A011CCBE24F29B0300C30706 /* Classes.swift in Sources */ = {isa = PBXBuildFile; fileRef = A011CCBD24F29B0300C30706 /* Classes.swift */; };
		A011CCC024F29DE500C30706 /* Semester.swift in Sources */ = {isa = PBXBuildFile; fileRef = A011CCBF24F29DE500C30706 /* Semester.swift */; };
		A011CCC224F2AA4200C30706 /* AddNewClassUIView.swift in Sources */ = {isa = PBXBuildFile; fileRef = A011CCC124F2AA4200C30706 /* AddNewClassUIView.swift */; };
		A048EEDA258958A800173EA2 /* CategoryRow.swift in Sources */ = {isa = PBXBuildFile; fileRef = A048EED9258958A800173EA2 /* CategoryRow.swift */; };
		A048EEDC25895B7B00173EA2 /* CategoryItem.swift in Sources */ = {isa = PBXBuildFile; fileRef = A048EEDB25895B7B00173EA2 /* CategoryItem.swift */; };
		A0A71EA5258F0824007B3FC1 /* Settings.swift in Sources */ = {isa = PBXBuildFile; fileRef = A0A71EA4258F0824007B3FC1 /* Settings.swift */; };
		A0A71EA7258FD45E007B3FC1 /* EditClassUIView.swift in Sources */ = {isa = PBXBuildFile; fileRef = A0A71EA6258FD45E007B3FC1 /* EditClassUIView.swift */; };
		A0F077CF2528EE26005663BB /* (null) in Embed Frameworks */ = {isa = PBXBuildFile; settings = {ATTRIBUTES = (CodeSignOnCopy, RemoveHeadersOnCopy, ); }; };
/* End PBXBuildFile section */

/* Begin PBXCopyFilesBuildPhase section */
		A0F077D02528EE26005663BB /* Embed Frameworks */ = {
			isa = PBXCopyFilesBuildPhase;
			buildActionMask = 2147483647;
			dstPath = "";
			dstSubfolderSpec = 10;
			files = (
				A0F077CF2528EE26005663BB /* (null) in Embed Frameworks */,
			);
			name = "Embed Frameworks";
			runOnlyForDeploymentPostprocessing = 0;
		};
/* End PBXCopyFilesBuildPhase section */

/* Begin PBXFileReference section */
		A011CCA624F2979500C30706 /* GPAce.app */ = {isa = PBXFileReference; explicitFileType = wrapper.application; includeInIndex = 0; path = GPAce.app; sourceTree = BUILT_PRODUCTS_DIR; };
		A011CCA924F2979500C30706 /* AppDelegate.swift */ = {isa = PBXFileReference; lastKnownFileType = sourcecode.swift; path = AppDelegate.swift; sourceTree = "<group>"; };
		A011CCAB24F2979500C30706 /* SceneDelegate.swift */ = {isa = PBXFileReference; lastKnownFileType = sourcecode.swift; path = SceneDelegate.swift; sourceTree = "<group>"; };
		A011CCAD24F2979500C30706 /* ContentView.swift */ = {isa = PBXFileReference; lastKnownFileType = sourcecode.swift; path = ContentView.swift; sourceTree = "<group>"; };
		A011CCAF24F2979900C30706 /* Assets.xcassets */ = {isa = PBXFileReference; lastKnownFileType = folder.assetcatalog; path = Assets.xcassets; sourceTree = "<group>"; };
		A011CCB224F2979900C30706 /* Preview Assets.xcassets */ = {isa = PBXFileReference; lastKnownFileType = folder.assetcatalog; path = "Preview Assets.xcassets"; sourceTree = "<group>"; };
		A011CCB524F2979900C30706 /* Base */ = {isa = PBXFileReference; lastKnownFileType = file.storyboard; name = Base; path = Base.lproj/LaunchScreen.storyboard; sourceTree = "<group>"; };
		A011CCB724F2979900C30706 /* Info.plist */ = {isa = PBXFileReference; lastKnownFileType = text.plist.xml; path = Info.plist; sourceTree = "<group>"; };
		A011CCBD24F29B0300C30706 /* Classes.swift */ = {isa = PBXFileReference; lastKnownFileType = sourcecode.swift; path = Classes.swift; sourceTree = "<group>"; };
		A011CCBF24F29DE500C30706 /* Semester.swift */ = {isa = PBXFileReference; lastKnownFileType = sourcecode.swift; path = Semester.swift; sourceTree = "<group>"; };
		A011CCC124F2AA4200C30706 /* AddNewClassUIView.swift */ = {isa = PBXFileReference; lastKnownFileType = sourcecode.swift; path = AddNewClassUIView.swift; sourceTree = "<group>"; };
		A048EED9258958A800173EA2 /* CategoryRow.swift */ = {isa = PBXFileReference; lastKnownFileType = sourcecode.swift; path = CategoryRow.swift; sourceTree = "<group>"; };
		A048EEDB25895B7B00173EA2 /* CategoryItem.swift */ = {isa = PBXFileReference; lastKnownFileType = sourcecode.swift; path = CategoryItem.swift; sourceTree = "<group>"; };
		A0A71EA4258F0824007B3FC1 /* Settings.swift */ = {isa = PBXFileReference; lastKnownFileType = sourcecode.swift; path = Settings.swift; sourceTree = "<group>"; };
		A0A71EA6258FD45E007B3FC1 /* EditClassUIView.swift */ = {isa = PBXFileReference; lastKnownFileType = sourcecode.swift; path = EditClassUIView.swift; sourceTree = "<group>"; };
		A0F077B92528EC8E005663BB /* Realm.framework */ = {isa = PBXFileReference; explicitFileType = wrapper.framework; path = Realm.framework; sourceTree = BUILT_PRODUCTS_DIR; };
		A0F077BA2528EC8E005663BB /* RealmSwift.framework */ = {isa = PBXFileReference; explicitFileType = wrapper.framework; path = RealmSwift.framework; sourceTree = BUILT_PRODUCTS_DIR; };
		A0F077C72528EDE8005663BB /* Realm.framework */ = {isa = PBXFileReference; explicitFileType = wrapper.framework; path = Realm.framework; sourceTree = BUILT_PRODUCTS_DIR; };
		A0F077C82528EDE8005663BB /* RealmSwift.framework */ = {isa = PBXFileReference; explicitFileType = wrapper.framework; path = RealmSwift.framework; sourceTree = BUILT_PRODUCTS_DIR; };
/* End PBXFileReference section */

/* Begin PBXFrameworksBuildPhase section */
		A011CCA324F2979500C30706 /* Frameworks */ = {
			isa = PBXFrameworksBuildPhase;
			buildActionMask = 2147483647;
			files = (
			);
			runOnlyForDeploymentPostprocessing = 0;
		};
/* End PBXFrameworksBuildPhase section */

/* Begin PBXGroup section */
		379EF83D11CD3594CB2B9936 /* Pods */ = {
			isa = PBXGroup;
			children = (
			);
			path = Pods;
			sourceTree = "<group>";
		};
		6F3E611139D3E5BCE2D125A5 /* Frameworks */ = {
			isa = PBXGroup;
			children = (
				A0F077C72528EDE8005663BB /* Realm.framework */,
				A0F077C82528EDE8005663BB /* RealmSwift.framework */,
				A0F077B92528EC8E005663BB /* Realm.framework */,
				A0F077BA2528EC8E005663BB /* RealmSwift.framework */,
			);
			name = Frameworks;
			sourceTree = "<group>";
		};
		A011CC9D24F2979500C30706 = {
			isa = PBXGroup;
			children = (
				A011CCA824F2979500C30706 /* GPACalculator */,
				A011CCA724F2979500C30706 /* Products */,
				379EF83D11CD3594CB2B9936 /* Pods */,
				6F3E611139D3E5BCE2D125A5 /* Frameworks */,
			);
			sourceTree = "<group>";
		};
		A011CCA724F2979500C30706 /* Products */ = {
			isa = PBXGroup;
			children = (
				A011CCA624F2979500C30706 /* GPAce.app */,
			);
			name = Products;
			sourceTree = "<group>";
		};
		A011CCA824F2979500C30706 /* GPACalculator */ = {
			isa = PBXGroup;
			children = (
				A011CCA924F2979500C30706 /* AppDelegate.swift */,
				A011CCAB24F2979500C30706 /* SceneDelegate.swift */,
				A011CCAD24F2979500C30706 /* ContentView.swift */,
				A048EED9258958A800173EA2 /* CategoryRow.swift */,
				A048EEDB25895B7B00173EA2 /* CategoryItem.swift */,
				A011CCAF24F2979900C30706 /* Assets.xcassets */,
				A011CCB424F2979900C30706 /* LaunchScreen.storyboard */,
				A011CCB724F2979900C30706 /* Info.plist */,
				A011CCB124F2979900C30706 /* Preview Content */,
				A011CCBD24F29B0300C30706 /* Classes.swift */,
				A011CCBF24F29DE500C30706 /* Semester.swift */,
				A011CCC124F2AA4200C30706 /* AddNewClassUIView.swift */,
				A0A71EA6258FD45E007B3FC1 /* EditClassUIView.swift */,
				A0A71EA4258F0824007B3FC1 /* Settings.swift */,
			);
			path = GPACalculator;
			sourceTree = "<group>";
		};
		A011CCB124F2979900C30706 /* Preview Content */ = {
			isa = PBXGroup;
			children = (
				A011CCB224F2979900C30706 /* Preview Assets.xcassets */,
			);
			path = "Preview Content";
			sourceTree = "<group>";
		};
/* End PBXGroup section */

/* Begin PBXNativeTarget section */
		A011CCA524F2979500C30706 /* GPACalculator */ = {
			isa = PBXNativeTarget;
			buildConfigurationList = A011CCBA24F2979900C30706 /* Build configuration list for PBXNativeTarget "GPACalculator" */;
			buildPhases = (
				A011CCA224F2979500C30706 /* Sources */,
				A011CCA324F2979500C30706 /* Frameworks */,
				A011CCA424F2979500C30706 /* Resources */,
				A0F077D02528EE26005663BB /* Embed Frameworks */,
				A08E4A3D25979CFE00FA4C2C /* SwiftLint */,
			);
			buildRules = (
			);
			dependencies = (
			);
			name = GPACalculator;
			productName = GPACalculator;
			productReference = A011CCA624F2979500C30706 /* GPAce.app */;
			productType = "com.apple.product-type.application";
		};
/* End PBXNativeTarget section */

/* Begin PBXProject section */
		A011CC9E24F2979500C30706 /* Project object */ = {
			isa = PBXProject;
			attributes = {
				LastSwiftUpdateCheck = 1150;
				LastUpgradeCheck = 1150;
				ORGANIZATIONNAME = "Junead Khan";
				TargetAttributes = {
					A011CCA524F2979500C30706 = {
						CreatedOnToolsVersion = 11.5;
					};
				};
			};
			buildConfigurationList = A011CCA124F2979500C30706 /* Build configuration list for PBXProject "GPACalculator" */;
			compatibilityVersion = "Xcode 9.3";
			developmentRegion = en;
			hasScannedForEncodings = 0;
			knownRegions = (
				en,
				Base,
			);
			mainGroup = A011CC9D24F2979500C30706;
			productRefGroup = A011CCA724F2979500C30706 /* Products */;
			projectDirPath = "";
			projectRoot = "";
			targets = (
				A011CCA524F2979500C30706 /* GPACalculator */,
			);
		};
/* End PBXProject section */

/* Begin PBXResourcesBuildPhase section */
		A011CCA424F2979500C30706 /* Resources */ = {
			isa = PBXResourcesBuildPhase;
			buildActionMask = 2147483647;
			files = (
				A011CCB624F2979900C30706 /* LaunchScreen.storyboard in Resources */,
				A011CCB324F2979900C30706 /* Preview Assets.xcassets in Resources */,
				A011CCB024F2979900C30706 /* Assets.xcassets in Resources */,
			);
			runOnlyForDeploymentPostprocessing = 0;
		};
/* End PBXResourcesBuildPhase section */

/* Begin PBXShellScriptBuildPhase section */
		A08E4A3D25979CFE00FA4C2C /* SwiftLint */ = {
			isa = PBXShellScriptBuildPhase;
			buildActionMask = 2147483647;
			files = (
			);
			inputFileListPaths = (
			);
			inputPaths = (
			);
			name = SwiftLint;
			outputFileListPaths = (
			);
			outputPaths = (
			);
			runOnlyForDeploymentPostprocessing = 0;
			shellPath = /bin/sh;
			shellScript = "if which swiftlint >/dev/null; then\n  swiftlint\nelse\n  echo \"warning: SwiftLint not installed, download from https://github.com/realm/SwiftLint\"\nfi\n";
		};
/* End PBXShellScriptBuildPhase section */

/* Begin PBXSourcesBuildPhase section */
		A011CCA224F2979500C30706 /* Sources */ = {
			isa = PBXSourcesBuildPhase;
			buildActionMask = 2147483647;
			files = (
				A011CCC224F2AA4200C30706 /* AddNewClassUIView.swift in Sources */,
				A011CCAA24F2979500C30706 /* AppDelegate.swift in Sources */,
				A048EEDC25895B7B00173EA2 /* CategoryItem.swift in Sources */,
				A011CCAC24F2979500C30706 /* SceneDelegate.swift in Sources */,
				A011CCBE24F29B0300C30706 /* Classes.swift in Sources */,
				A048EEDA258958A800173EA2 /* CategoryRow.swift in Sources */,
				A0A71EA5258F0824007B3FC1 /* Settings.swift in Sources */,
				A011CCC024F29DE500C30706 /* Semester.swift in Sources */,
				A011CCAE24F2979500C30706 /* ContentView.swift in Sources */,
				A0A71EA7258FD45E007B3FC1 /* EditClassUIView.swift in Sources */,
			);
			runOnlyForDeploymentPostprocessing = 0;
		};
/* End PBXSourcesBuildPhase section */

/* Begin PBXVariantGroup section */
		A011CCB424F2979900C30706 /* LaunchScreen.storyboard */ = {
			isa = PBXVariantGroup;
			children = (
				A011CCB524F2979900C30706 /* Base */,
			);
			name = LaunchScreen.storyboard;
			sourceTree = "<group>";
		};
/* End PBXVariantGroup section */

/* Begin XCBuildConfiguration section */
		A011CCB824F2979900C30706 /* Debug */ = {
			isa = XCBuildConfiguration;
			buildSettings = {
				ALWAYS_SEARCH_USER_PATHS = NO;
				CLANG_ANALYZER_NONNULL = YES;
				CLANG_ANALYZER_NUMBER_OBJECT_CONVERSION = YES_AGGRESSIVE;
				CLANG_CXX_LANGUAGE_STANDARD = "gnu++14";
				CLANG_CXX_LIBRARY = "libc++";
				CLANG_ENABLE_MODULES = YES;
				CLANG_ENABLE_OBJC_ARC = YES;
				CLANG_ENABLE_OBJC_WEAK = YES;
				CLANG_WARN_BLOCK_CAPTURE_AUTORELEASING = YES;
				CLANG_WARN_BOOL_CONVERSION = YES;
				CLANG_WARN_COMMA = YES;
				CLANG_WARN_CONSTANT_CONVERSION = YES;
				CLANG_WARN_DEPRECATED_OBJC_IMPLEMENTATIONS = YES;
				CLANG_WARN_DIRECT_OBJC_ISA_USAGE = YES_ERROR;
				CLANG_WARN_DOCUMENTATION_COMMENTS = YES;
				CLANG_WARN_EMPTY_BODY = YES;
				CLANG_WARN_ENUM_CONVERSION = YES;
				CLANG_WARN_INFINITE_RECURSION = YES;
				CLANG_WARN_INT_CONVERSION = YES;
				CLANG_WARN_NON_LITERAL_NULL_CONVERSION = YES;
				CLANG_WARN_OBJC_IMPLICIT_RETAIN_SELF = YES;
				CLANG_WARN_OBJC_LITERAL_CONVERSION = YES;
				CLANG_WARN_OBJC_ROOT_CLASS = YES_ERROR;
				CLANG_WARN_RANGE_LOOP_ANALYSIS = YES;
				CLANG_WARN_STRICT_PROTOTYPES = YES;
				CLANG_WARN_SUSPICIOUS_MOVE = YES;
				CLANG_WARN_UNGUARDED_AVAILABILITY = YES_AGGRESSIVE;
				CLANG_WARN_UNREACHABLE_CODE = YES;
				CLANG_WARN__DUPLICATE_METHOD_MATCH = YES;
				COPY_PHASE_STRIP = NO;
				DEBUG_INFORMATION_FORMAT = dwarf;
				ENABLE_STRICT_OBJC_MSGSEND = YES;
				ENABLE_TESTABILITY = YES;
				GCC_C_LANGUAGE_STANDARD = gnu11;
				GCC_DYNAMIC_NO_PIC = NO;
				GCC_NO_COMMON_BLOCKS = YES;
				GCC_OPTIMIZATION_LEVEL = 0;
				GCC_PREPROCESSOR_DEFINITIONS = (
					"DEBUG=1",
					"$(inherited)",
				);
				GCC_WARN_64_TO_32_BIT_CONVERSION = YES;
				GCC_WARN_ABOUT_RETURN_TYPE = YES_ERROR;
				GCC_WARN_UNDECLARED_SELECTOR = YES;
				GCC_WARN_UNINITIALIZED_AUTOS = YES_AGGRESSIVE;
				GCC_WARN_UNUSED_FUNCTION = YES;
				GCC_WARN_UNUSED_VARIABLE = YES;
				IPHONEOS_DEPLOYMENT_TARGET = 13.5;
				MTL_ENABLE_DEBUG_INFO = INCLUDE_SOURCE;
				MTL_FAST_MATH = YES;
				ONLY_ACTIVE_ARCH = YES;
				SDKROOT = iphoneos;
				SWIFT_ACTIVE_COMPILATION_CONDITIONS = DEBUG;
				SWIFT_OPTIMIZATION_LEVEL = "-Onone";
			};
			name = Debug;
		};
		A011CCB924F2979900C30706 /* Release */ = {
			isa = XCBuildConfiguration;
			buildSettings = {
				ALWAYS_SEARCH_USER_PATHS = NO;
				CLANG_ANALYZER_NONNULL = YES;
				CLANG_ANALYZER_NUMBER_OBJECT_CONVERSION = YES_AGGRESSIVE;
				CLANG_CXX_LANGUAGE_STANDARD = "gnu++14";
				CLANG_CXX_LIBRARY = "libc++";
				CLANG_ENABLE_MODULES = YES;
				CLANG_ENABLE_OBJC_ARC = YES;
				CLANG_ENABLE_OBJC_WEAK = YES;
				CLANG_WARN_BLOCK_CAPTURE_AUTORELEASING = YES;
				CLANG_WARN_BOOL_CONVERSION = YES;
				CLANG_WARN_COMMA = YES;
				CLANG_WARN_CONSTANT_CONVERSION = YES;
				CLANG_WARN_DEPRECATED_OBJC_IMPLEMENTATIONS = YES;
				CLANG_WARN_DIRECT_OBJC_ISA_USAGE = YES_ERROR;
				CLANG_WARN_DOCUMENTATION_COMMENTS = YES;
				CLANG_WARN_EMPTY_BODY = YES;
				CLANG_WARN_ENUM_CONVERSION = YES;
				CLANG_WARN_INFINITE_RECURSION = YES;
				CLANG_WARN_INT_CONVERSION = YES;
				CLANG_WARN_NON_LITERAL_NULL_CONVERSION = YES;
				CLANG_WARN_OBJC_IMPLICIT_RETAIN_SELF = YES;
				CLANG_WARN_OBJC_LITERAL_CONVERSION = YES;
				CLANG_WARN_OBJC_ROOT_CLASS = YES_ERROR;
				CLANG_WARN_RANGE_LOOP_ANALYSIS = YES;
				CLANG_WARN_STRICT_PROTOTYPES = YES;
				CLANG_WARN_SUSPICIOUS_MOVE = YES;
				CLANG_WARN_UNGUARDED_AVAILABILITY = YES_AGGRESSIVE;
				CLANG_WARN_UNREACHABLE_CODE = YES;
				CLANG_WARN__DUPLICATE_METHOD_MATCH = YES;
				COPY_PHASE_STRIP = NO;
				DEBUG_INFORMATION_FORMAT = "dwarf-with-dsym";
				ENABLE_NS_ASSERTIONS = NO;
				ENABLE_STRICT_OBJC_MSGSEND = YES;
				GCC_C_LANGUAGE_STANDARD = gnu11;
				GCC_NO_COMMON_BLOCKS = YES;
				GCC_WARN_64_TO_32_BIT_CONVERSION = YES;
				GCC_WARN_ABOUT_RETURN_TYPE = YES_ERROR;
				GCC_WARN_UNDECLARED_SELECTOR = YES;
				GCC_WARN_UNINITIALIZED_AUTOS = YES_AGGRESSIVE;
				GCC_WARN_UNUSED_FUNCTION = YES;
				GCC_WARN_UNUSED_VARIABLE = YES;
				IPHONEOS_DEPLOYMENT_TARGET = 13.5;
				MTL_ENABLE_DEBUG_INFO = NO;
				MTL_FAST_MATH = YES;
				SDKROOT = iphoneos;
				SWIFT_COMPILATION_MODE = wholemodule;
				SWIFT_OPTIMIZATION_LEVEL = "-O";
				VALIDATE_PRODUCT = YES;
			};
			name = Release;
		};
		A011CCBB24F2979900C30706 /* Debug */ = {
			isa = XCBuildConfiguration;
			buildSettings = {
				ASSETCATALOG_COMPILER_APPICON_NAME = AppIcon;
				CODE_SIGN_STYLE = Automatic;
				CURRENT_PROJECT_VERSION = 3;
				DEVELOPMENT_ASSET_PATHS = "\"GPACalculator/Preview Content\"";
				DEVELOPMENT_TEAM = 58VHG423AL;
				ENABLE_PREVIEWS = YES;
				INFOPLIST_FILE = GPACalculator/Info.plist;
				LD_RUNPATH_SEARCH_PATHS = (
					"$(inherited)",
					"@executable_path/Frameworks",
				);
				MARKETING_VERSION = 2.00;
				PRODUCT_BUNDLE_IDENTIFIER = com.juneadkhan.GPACalculator;
				PRODUCT_NAME = GPAce;
				SWIFT_VERSION = 5.0;
				TARGETED_DEVICE_FAMILY = 1;
			};
			name = Debug;
		};
		A011CCBC24F2979900C30706 /* Release */ = {
			isa = XCBuildConfiguration;
			buildSettings = {
				ASSETCATALOG_COMPILER_APPICON_NAME = AppIcon;
				CODE_SIGN_STYLE = Automatic;
				CURRENT_PROJECT_VERSION = 3;
				DEVELOPMENT_ASSET_PATHS = "\"GPACalculator/Preview Content\"";
				DEVELOPMENT_TEAM = 58VHG423AL;
				ENABLE_PREVIEWS = YES;
				INFOPLIST_FILE = GPACalculator/Info.plist;
				LD_RUNPATH_SEARCH_PATHS = (
					"$(inherited)",
					"@executable_path/Frameworks",
				);
				MARKETING_VERSION = 2.00;
				PRODUCT_BUNDLE_IDENTIFIER = com.juneadkhan.GPACalculator;
				PRODUCT_NAME = GPAce;
				SWIFT_VERSION = 5.0;
				TARGETED_DEVICE_FAMILY = 1;
			};
			name = Release;
		};
/* End XCBuildConfiguration section */

/* Begin XCConfigurationList section */
		A011CCA124F2979500C30706 /* Build configuration list for PBXProject "GPACalculator" */ = {
			isa = XCConfigurationList;
			buildConfigurations = (
				A011CCB824F2979900C30706 /* Debug */,
				A011CCB924F2979900C30706 /* Release */,
			);
			defaultConfigurationIsVisible = 0;
			defaultConfigurationName = Release;
		};
		A011CCBA24F2979900C30706 /* Build configuration list for PBXNativeTarget "GPACalculator" */ = {
			isa = XCConfigurationList;
			buildConfigurations = (
				A011CCBB24F2979900C30706 /* Debug */,
				A011CCBC24F2979900C30706 /* Release */,
			);
			defaultConfigurationIsVisible = 0;
			defaultConfigurationName = Release;
		};
/* End XCConfigurationList section */
	};
	rootObject = A011CC9E24F2979500C30706 /* Project object */;
}
